{
  "version": 4,
  "terraform_version": "1.5.6",
  "serial": 6,
  "lineage": "b5f532c4-e471-7f1d-1b13-b3e9c08cc328",
  "outputs": {},
  "resources": [
    {
      "mode": "managed",
      "type": "azurerm_linux_virtual_machine",
      "name": "ugarvicuvm",
      "provider": "provider[\"registry.terraform.io/hashicorp/azurerm\"]",
      "instances": [
        {
          "schema_version": 0,
          "attributes": {
            "additional_capabilities": [],
            "admin_password": null,
            "admin_ssh_key": [
              {
                "public_key": "ssh-rsa AAAAB3NzaC1yc2EAAAADAQABAAABgQDI4rbjqXATIrCf8sZqZX1/Q5RvXoQqkh9EYzH/mr+ZeIJcsLURq7SwB4CpaikHM+tUN+prJR7VkvjpQJVMGZCRD9Lf+Ex4/DGxxiPq2Pr1f11HkHkeix8vSIDZEEUyRTF0rU7YI31Rfs2uyZ475WhNNMngxKchn6zm5TQe6ZIzkDsn3VopNEYGMpz+DLGPa2HL4Gp6Dju4ilhk9iIBLirtopU2xX2F90HtYue7X7b5SL6PPAGyP5YA7/1vSbiIZPTlSwnbJNDthamr9zU4+l8JVOiEQ5LxoQxtRI1IuwfG/74Y/4xkKDscqRHsLc00+zCxaNSVU+3xylivDnDkt3kFeY/ViyNYpMnhsn9WjdOR4Zz9VW2n8j7T314exzLJMCfXhIiLBA2tpInYN6melNJNApasMonJoEuREwZZNdFzAwY0QFYA+fnfJ4dJPKAAorF3ht5wqtwgfbKC0X8BHKzogQwx3eyHSoFUQu+sr552ogGJ5gDx04rzeyXJqNHrw/s= unai@DESKTOP-GHCPEPD\r\n",
                "username": "adminuser"
              }
            ],
            "admin_username": "adminuser",
            "allow_extension_operations": true,
            "availability_set_id": "",
            "boot_diagnostics": [],
            "bypass_platform_safety_checks_on_user_schedule_enabled": false,
            "capacity_reservation_group_id": "",
            "computer_name": "ugarvicu-example-linux-vm",
            "custom_data": null,
            "dedicated_host_group_id": "",
            "dedicated_host_id": "",
            "disable_password_authentication": true,
            "disk_controller_type": "",
            "edge_zone": "",
            "encryption_at_host_enabled": false,
            "eviction_policy": "",
            "extensions_time_budget": "PT1H30M",
            "gallery_application": [],
            "id": "/subscriptions/bed885a8-5a97-4f3a-a65b-6b788b8a0950/resourceGroups/ugarvicu-rsg/providers/Microsoft.Compute/virtualMachines/ugarvicu-example-linux-vm",
            "identity": [],
            "license_type": "",
            "location": "westeurope",
            "max_bid_price": -1,
            "name": "ugarvicu-example-linux-vm",
            "network_interface_ids": [
              "/subscriptions/bed885a8-5a97-4f3a-a65b-6b788b8a0950/resourceGroups/ugarvicu-rsg/providers/Microsoft.Network/networkInterfaces/ugarvicu-nic"
            ],
            "os_disk": [
              {
                "caching": "ReadWrite",
                "diff_disk_settings": [],
                "disk_encryption_set_id": "",
                "disk_size_gb": 30,
                "name": "ugarvicu-example-linux-vm_OsDisk_1_1e5b30e3d6cf41f489afc42c6092770f",
                "secure_vm_disk_encryption_set_id": "",
                "security_encryption_type": "",
                "storage_account_type": "Standard_LRS",
                "write_accelerator_enabled": false
              }
            ],
            "os_image_notification": [],
            "patch_assessment_mode": "ImageDefault",
            "patch_mode": "ImageDefault",
            "plan": [],
            "platform_fault_domain": -1,
            "priority": "Regular",
            "private_ip_address": "10.0.2.4",
            "private_ip_addresses": [
              "10.0.2.4"
            ],
            "provision_vm_agent": true,
            "proximity_placement_group_id": "",
            "public_ip_address": "",
            "public_ip_addresses": [],
            "reboot_setting": "",
            "resource_group_name": "ugarvicu-rsg",
            "secret": [],
            "secure_boot_enabled": false,
            "size": "Standard_F2",
            "source_image_id": "",
            "source_image_reference": [
              {
                "offer": "0001-com-ubuntu-server-jammy",
                "publisher": "Canonical",
                "sku": "22_04-lts",
                "version": "latest"
              }
            ],
            "tags": null,
            "termination_notification": null,
            "timeouts": null,
            "user_data": "",
            "virtual_machine_id": "b5cbb0ce-6e49-41b7-9bd8-a2c10a17ee60",
            "virtual_machine_scale_set_id": "",
            "vm_agent_platform_updates_enabled": false,
            "vtpm_enabled": false,
            "zone": ""
          },
          "sensitive_attributes": [],
          "private": "eyJlMmJmYjczMC1lY2FhLTExZTYtOGY4OC0zNDM2M2JjN2M0YzAiOnsiY3JlYXRlIjoyNzAwMDAwMDAwMDAwLCJkZWxldGUiOjI3MDAwMDAwMDAwMDAsInJlYWQiOjMwMDAwMDAwMDAwMCwidXBkYXRlIjoyNzAwMDAwMDAwMDAwfX0=",
          "dependencies": [
            "azurerm_network_interface.ugarvicunic",
            "azurerm_resource_group.ugarvicursgroup",
            "azurerm_subnet.ugarvicusubnet1",
            "azurerm_virtual_network.ugarvicuvnet"
          ]
        }
      ]
    },
    {
      "mode": "managed",
      "type": "azurerm_network_interface",
      "name": "ugarvicunic",
      "provider": "provider[\"registry.terraform.io/hashicorp/azurerm\"]",
      "instances": [
        {
          "schema_version": 0,
          "attributes": {
            "accelerated_networking_enabled": false,
            "applied_dns_servers": [],
            "auxiliary_mode": "",
            "auxiliary_sku": "",
            "dns_servers": [],
            "edge_zone": "",
            "enable_accelerated_networking": false,
            "enable_ip_forwarding": false,
            "id": "/subscriptions/bed885a8-5a97-4f3a-a65b-6b788b8a0950/resourceGroups/ugarvicu-rsg/providers/Microsoft.Network/networkInterfaces/ugarvicu-nic",
            "internal_dns_name_label": "",
            "internal_domain_name_suffix": "fbuuw1he2nlelfrcemjobwdgne.ax.internal.cloudapp.net",
            "ip_configuration": [
              {
                "gateway_load_balancer_frontend_ip_configuration_id": "",
                "name": "ugarvicu-internal",
                "primary": true,
                "private_ip_address": "10.0.2.4",
                "private_ip_address_allocation": "Dynamic",
                "private_ip_address_version": "IPv4",
                "public_ip_address_id": "",
                "subnet_id": "/subscriptions/bed885a8-5a97-4f3a-a65b-6b788b8a0950/resourceGroups/ugarvicu-rsg/providers/Microsoft.Network/virtualNetworks/ugarvicu-vnet/subnets/ugarvicu-subnet1"
              }
            ],
            "ip_forwarding_enabled": false,
            "location": "westeurope",
            "mac_address": "",
            "name": "ugarvicu-nic",
            "private_ip_address": "10.0.2.4",
            "private_ip_addresses": [
              "10.0.2.4"
            ],
            "resource_group_name": "ugarvicu-rsg",
            "tags": null,
            "timeouts": null,
            "virtual_machine_id": ""
          },
          "sensitive_attributes": [],
          "private": "eyJlMmJmYjczMC1lY2FhLTExZTYtOGY4OC0zNDM2M2JjN2M0YzAiOnsiY3JlYXRlIjoxODAwMDAwMDAwMDAwLCJkZWxldGUiOjE4MDAwMDAwMDAwMDAsInJlYWQiOjMwMDAwMDAwMDAwMCwidXBkYXRlIjoxODAwMDAwMDAwMDAwfX0=",
          "dependencies": [
            "azurerm_resource_group.ugarvicursgroup",
            "azurerm_subnet.ugarvicusubnet1",
            "azurerm_virtual_network.ugarvicuvnet"
          ]
        }
      ]
    },
    {
      "mode": "managed",
      "type": "azurerm_resource_group",
      "name": "ugarvicursgroup",
      "provider": "provider[\"registry.terraform.io/hashicorp/azurerm\"]",
      "instances": [
        {
          "schema_version": 0,
          "attributes": {
            "id": "/subscriptions/bed885a8-5a97-4f3a-a65b-6b788b8a0950/resourceGroups/ugarvicu-rsg",
            "location": "westeurope",
            "managed_by": "",
            "name": "ugarvicu-rsg",
            "tags": null,
            "timeouts": null
          },
          "sensitive_attributes": [],
          "private": "eyJlMmJmYjczMC1lY2FhLTExZTYtOGY4OC0zNDM2M2JjN2M0YzAiOnsiY3JlYXRlIjo1NDAwMDAwMDAwMDAwLCJkZWxldGUiOjU0MDAwMDAwMDAwMDAsInJlYWQiOjMwMDAwMDAwMDAwMCwidXBkYXRlIjo1NDAwMDAwMDAwMDAwfX0="
        }
      ]
    },
    {
      "mode": "managed",
      "type": "azurerm_subnet",
      "name": "ugarvicusubnet1",
      "provider": "provider[\"registry.terraform.io/hashicorp/azurerm\"]",
      "instances": [
        {
          "schema_version": 0,
          "attributes": {
            "address_prefixes": [
              "10.0.2.0/24"
            ],
            "default_outbound_access_enabled": true,
            "delegation": [],
            "enforce_private_link_endpoint_network_policies": false,
            "enforce_private_link_service_network_policies": false,
            "id": "/subscriptions/bed885a8-5a97-4f3a-a65b-6b788b8a0950/resourceGroups/ugarvicu-rsg/providers/Microsoft.Network/virtualNetworks/ugarvicu-vnet/subnets/ugarvicu-subnet1",
            "name": "ugarvicu-subnet1",
            "private_endpoint_network_policies": "Enabled",
            "private_endpoint_network_policies_enabled": true,
            "private_link_service_network_policies_enabled": true,
            "resource_group_name": "ugarvicu-rsg",
            "service_endpoint_policy_ids": null,
            "service_endpoints": null,
            "timeouts": null,
            "virtual_network_name": "ugarvicu-vnet"
          },
          "sensitive_attributes": [],
          "private": "eyJlMmJmYjczMC1lY2FhLTExZTYtOGY4OC0zNDM2M2JjN2M0YzAiOnsiY3JlYXRlIjoxODAwMDAwMDAwMDAwLCJkZWxldGUiOjE4MDAwMDAwMDAwMDAsInJlYWQiOjMwMDAwMDAwMDAwMCwidXBkYXRlIjoxODAwMDAwMDAwMDAwfX0=",
          "dependencies": [
            "azurerm_resource_group.ugarvicursgroup",
            "azurerm_virtual_network.ugarvicuvnet"
          ]
        }
      ]
    },
    {
      "mode": "managed",
      "type": "azurerm_virtual_network",
      "name": "ugarvicuvnet",
      "provider": "provider[\"registry.terraform.io/hashicorp/azurerm\"]",
      "instances": [
        {
          "schema_version": 0,
          "attributes": {
            "address_space": [
              "10.0.0.0/16"
            ],
            "bgp_community": "",
            "ddos_protection_plan": [],
            "dns_servers": [],
            "edge_zone": "",
            "encryption": [],
            "flow_timeout_in_minutes": 0,
            "guid": "6c4b6928-e3e4-4556-9622-2312e0d8666c",
            "id": "/subscriptions/bed885a8-5a97-4f3a-a65b-6b788b8a0950/resourceGroups/ugarvicu-rsg/providers/Microsoft.Network/virtualNetworks/ugarvicu-vnet",
            "location": "westeurope",
            "name": "ugarvicu-vnet",
            "resource_group_name": "ugarvicu-rsg",
            "subnet": [],
            "tags": null,
            "timeouts": null
          },
          "sensitive_attributes": [],
          "private": "eyJlMmJmYjczMC1lY2FhLTExZTYtOGY4OC0zNDM2M2JjN2M0YzAiOnsiY3JlYXRlIjoxODAwMDAwMDAwMDAwLCJkZWxldGUiOjE4MDAwMDAwMDAwMDAsInJlYWQiOjMwMDAwMDAwMDAwMCwidXBkYXRlIjoxODAwMDAwMDAwMDAwfX0=",
          "dependencies": [
            "azurerm_resource_group.ugarvicursgroup"
          ]
        }
      ]
    }
  ],
  "check_results": null
}
